# THIS IS AN AUTOGENERATED FILE. DO NOT EDIT THIS FILE DIRECTLY.
# yarn lockfile v1


"@codama/cli@1.0.4":
  version "1.0.4"
  resolved "https://registry.yarnpkg.com/@codama/cli/-/cli-1.0.4.tgz#cb733336f11e1df729416a628349e8cf65f815a1"
  integrity sha512-816wC7jMOzsUTbJWBdumFZzZp4LA3qDT6mY1pP4P3jO4BEqrcGV7PgrpCxSWGS1nZaGM9/3TZfpuec0y6lUQEA==
  dependencies:
    "@codama/nodes" "1.2.5"
    "@codama/nodes-from-anchor" "1.1.5"
    "@codama/renderers" "1.0.13"
    "@codama/renderers-js" "1.2.4"
    "@codama/renderers-js-umi" "1.1.6"
    "@codama/renderers-rust" "1.0.13"
    "@codama/visitors" "1.2.5"
    "@codama/visitors-core" "1.2.5"
    chalk "^5.4.1"
    commander "^13.1.0"
    prompts "^2.4.2"

"@codama/errors@1.2.5":
  version "1.2.5"
  resolved "https://registry.yarnpkg.com/@codama/errors/-/errors-1.2.5.tgz#de649db01e8a5bd55ad0552b75e3398a113eda08"
  integrity sha512-483rLiGc2O1obCRgoO4C569WnDz/PMHbxFmptnW8RtKqHGNfXEqHEo/oLDv5x4AaOhRizo479B9dtr2HxhDepw==
  dependencies:
    "@codama/node-types" "1.2.5"
    chalk "^5.4.1"
    commander "^13.1.0"

"@codama/node-types@1.2.5":
  version "1.2.5"
  resolved "https://registry.yarnpkg.com/@codama/node-types/-/node-types-1.2.5.tgz#d31cbc01ca68ace617cefd350c3782f1c46f986c"
  integrity sha512-CCYLw3m6Q0OEF8vAseByndRjAkKw3zML+Z8Vurkr6QnGizgswxG7I5KSmQ0Ta8+gZT5nkWxMACJxcxwjvzsL+g==

"@codama/nodes-from-anchor@1.1.5", "@codama/nodes-from-anchor@^1.1.5":
  version "1.1.5"
  resolved "https://registry.yarnpkg.com/@codama/nodes-from-anchor/-/nodes-from-anchor-1.1.5.tgz#6f92a1f3a952f2670f6912cd847dd2b92710e564"
  integrity sha512-AM5+ePKNATV6mkUmqNXPge/T/DyttYVVZB2VLsLzgCvgSqPK+el854BYhLxZRscztN3ccZT8SVHmz3Zl/1R3Mg==
  dependencies:
    "@codama/errors" "1.2.5"
    "@codama/nodes" "1.2.5"
    "@codama/visitors" "1.2.5"
    "@noble/hashes" "^1.7.1"
    "@solana/codecs" "2.0.0"

"@codama/nodes@1.2.5":
  version "1.2.5"
  resolved "https://registry.yarnpkg.com/@codama/nodes/-/nodes-1.2.5.tgz#f980b26bfc62ebb050dc145f6496134757008234"
  integrity sha512-4Donl1g3ea1d10dUEEmvmPsuWLmOS5XLzRM6IA/Ozjczx1apAr9tPvehMD+cqaxmGytNAo/8VpE79ibfdSzPaw==
  dependencies:
    "@codama/errors" "1.2.5"
    "@codama/node-types" "1.2.5"

"@codama/renderers-core@1.0.7":
  version "1.0.7"
  resolved "https://registry.yarnpkg.com/@codama/renderers-core/-/renderers-core-1.0.7.tgz#33d3dbdb7ce5a1d0b2f94dc2d1f6a58b258eabe0"
  integrity sha512-Ei8UF4GIr/2i745B4iIrH8gzQH3L0RFf+acyQD7dUOVvct5bHKrc4ygbrJQFbQuHlownS4i6g7K+p11IgQYd/Q==
  dependencies:
    "@codama/errors" "1.2.5"
    "@codama/nodes" "1.2.5"
    "@codama/visitors-core" "1.2.5"

"@codama/renderers-js-umi@1.1.6":
  version "1.1.6"
  resolved "https://registry.yarnpkg.com/@codama/renderers-js-umi/-/renderers-js-umi-1.1.6.tgz#e1d569fd34361bf631cd2651fba5c0d1e6accb71"
  integrity sha512-igWKWkNOMN2QVIkT+kvm3IarUXhlGMDTUBQrSLB5ycag9ETQ8vTfj9bxs1JdXH7mstlW3ztZr8C5jjMyN909uQ==
  dependencies:
    "@codama/errors" "1.2.5"
    "@codama/nodes" "1.2.5"
    "@codama/renderers-core" "1.0.7"
    "@codama/validators" "1.2.5"
    "@codama/visitors-core" "1.2.5"
    "@solana/codecs-strings" rc
    nunjucks "^3.2.4"
    prettier "^3.5.0"

"@codama/renderers-js@1.2.4":
  version "1.2.4"
  resolved "https://registry.yarnpkg.com/@codama/renderers-js/-/renderers-js-1.2.4.tgz#ea6be348ee621e6943f3484241c552f26c58d66a"
  integrity sha512-wkTg3X9MOho4AfI2aMDiiZt2MozIXCYD9c8xIl8GQzNc2ttswI5vA90W0lmDwKaUjEDnx55Jqc8BzDCfcW1ing==
  dependencies:
    "@codama/errors" "1.2.5"
    "@codama/nodes" "1.2.5"
    "@codama/nodes-from-anchor" "1.1.5"
    "@codama/renderers-core" "1.0.7"
    "@codama/visitors-core" "1.2.5"
    "@solana/codecs-strings" rc
    nunjucks "^3.2.4"
    prettier "^3.5.0"

"@codama/renderers-rust@1.0.13":
  version "1.0.13"
  resolved "https://registry.yarnpkg.com/@codama/renderers-rust/-/renderers-rust-1.0.13.tgz#48cdad10b19a3c9796957f4c6feba3c3d5477e54"
  integrity sha512-3XfC+I9npFWbv4ceAeI5JQDmfo/ZuEW4K56Qq5qTeh940OMHF+julo34dnRD0F4tqEH3cTqLaDyJxSK8cQmpFA==
  dependencies:
    "@codama/errors" "1.2.5"
    "@codama/nodes" "1.2.5"
    "@codama/renderers-core" "1.0.7"
    "@codama/visitors-core" "1.2.5"
    "@solana/codecs-strings" rc
    nunjucks "^3.2.4"

"@codama/renderers@1.0.13", "@codama/renderers@^1.0.13":
  version "1.0.13"
  resolved "https://registry.yarnpkg.com/@codama/renderers/-/renderers-1.0.13.tgz#5741bdcf5c9739c23d591aa2e3ca450688c698f6"
  integrity sha512-M/f7hQ0cKeiOHcAeUW7Ek/EZQKwEmH4uRFW7QbqIHM798ScTwcvG79Zks8Qxs/om38v0JQQfHc5qc+oTxMxAHQ==
  dependencies:
    "@codama/renderers-js" "1.2.4"
    "@codama/renderers-js-umi" "1.1.6"
    "@codama/renderers-rust" "1.0.13"

"@codama/validators@1.2.5":
  version "1.2.5"
  resolved "https://registry.yarnpkg.com/@codama/validators/-/validators-1.2.5.tgz#dd4d7f43f8823d20ab17c28eda553a78830a855a"
  integrity sha512-sTmMls7MM0AnwNVnYu4hCsMBKwNOdQm5rDYG1MVakfXmAlREYlNuUOUzXxQO9MKPtnnwLGUyqjYV/qDeLRM3Mg==
  dependencies:
    "@codama/errors" "1.2.5"
    "@codama/nodes" "1.2.5"
    "@codama/visitors-core" "1.2.5"

"@codama/visitors-core@1.2.5":
  version "1.2.5"
  resolved "https://registry.yarnpkg.com/@codama/visitors-core/-/visitors-core-1.2.5.tgz#bd7053c31d7d5fc0d401abbb389b5b38953ab433"
  integrity sha512-l1JoPFZxXyCD9F4LDV33lR/FIALCP6qBqldXz3IjY32vQomyqghq8JkwJWN6FNQ6zqGUGe0DY4iYoIqs1VYpIQ==
  dependencies:
    "@codama/errors" "1.2.5"
    "@codama/nodes" "1.2.5"
    json-stable-stringify "^1.2.1"

"@codama/visitors@1.2.5":
  version "1.2.5"
  resolved "https://registry.yarnpkg.com/@codama/visitors/-/visitors-1.2.5.tgz#93d9e947fb87535878cbe0e165076c30ddefbc68"
  integrity sha512-U9FhjjtH7llQuqROjDdNQryPKf0nEzvxwgBkzQQ9YiEZnWSveegmO7IgpBxleVzQjQstoe+KuIeJ5cXdB63UAg==
  dependencies:
    "@codama/errors" "1.2.5"
    "@codama/nodes" "1.2.5"
    "@codama/visitors-core" "1.2.5"

"@noble/hashes@^1.7.1":
  version "1.7.1"
  resolved "https://registry.yarnpkg.com/@noble/hashes/-/hashes-1.7.1.tgz#5738f6d765710921e7a751e00c20ae091ed8db0f"
  integrity sha512-B8XBPsn4vT/KJAGqDzbwztd+6Yte3P4V7iafm24bxgDe/mlRuK6xmWPuCNrKt2vDafZ8MfJLlchDG/vYafQEjQ==

"@solana/codecs-core@2.0.0":
  version "2.0.0"
  resolved "https://registry.yarnpkg.com/@solana/codecs-core/-/codecs-core-2.0.0.tgz#31d4a6acce9ac49f786939c4e564adf9a68c56ef"
  integrity sha512-qCG+3hDU5Pm8V6joJjR4j4Zv9md1z0RaecniNDIkEglnxmOUODnmPLWbtOjnDylfItyuZeDihK8hkewdj8cUtw==
  dependencies:
    "@solana/errors" "2.0.0"

"@solana/codecs-core@2.0.0-rc.4":
  version "2.0.0-rc.4"
  resolved "https://registry.yarnpkg.com/@solana/codecs-core/-/codecs-core-2.0.0-rc.4.tgz#c4280d68877a078df4b430871db159f95534fcd3"
  integrity sha512-JIrTSps032mSE3wBxW3bXOqWfoy4CMy1CX/XeVCijyh5kLVxZTSDIdRTYdePdL1yzaOZF1Xysvt1DhOUgBdM+A==
  dependencies:
    "@solana/errors" "2.0.0-rc.4"

"@solana/codecs-data-structures@2.0.0":
  version "2.0.0"
  resolved "https://registry.yarnpkg.com/@solana/codecs-data-structures/-/codecs-data-structures-2.0.0.tgz#0a06b8646634dcf44a7b1d968fe8d9218c3cb745"
  integrity sha512-N98Y4jsrC/XeOgqrfsGqcOFIaOoMsKdAxOmy5oqVaEN67YoGSLNC9ROnqamOAOrsZdicTWx9/YLKFmQi9DPh1A==
  dependencies:
    "@solana/codecs-core" "2.0.0"
    "@solana/codecs-numbers" "2.0.0"
    "@solana/errors" "2.0.0"

"@solana/codecs-numbers@2.0.0":
  version "2.0.0"
  resolved "https://registry.yarnpkg.com/@solana/codecs-numbers/-/codecs-numbers-2.0.0.tgz#c08250968fa1cbfab076367b650269271061c646"
  integrity sha512-r66i7VzJO1MZkQWZIAI6jjJOFVpnq0+FIabo2Z2ZDtrArFus/SbSEv543yCLeD2tdR/G/p+1+P5On10qF50Y1Q==
  dependencies:
    "@solana/codecs-core" "2.0.0"
    "@solana/errors" "2.0.0"

"@solana/codecs-numbers@2.0.0-rc.4":
  version "2.0.0-rc.4"
  resolved "https://registry.yarnpkg.com/@solana/codecs-numbers/-/codecs-numbers-2.0.0-rc.4.tgz#ad95848d64dbaab4f6f0935d042df00802c84bba"
  integrity sha512-ZJR7TaUO65+3Hzo3YOOUCS0wlzh17IW+j0MZC2LCk1R0woaypRpHKj4iSMYeQOZkMxsd9QT3WNvjFrPC2qA6Sw==
  dependencies:
    "@solana/codecs-core" "2.0.0-rc.4"
    "@solana/errors" "2.0.0-rc.4"

"@solana/codecs-strings@2.0.0":
  version "2.0.0"
  resolved "https://registry.yarnpkg.com/@solana/codecs-strings/-/codecs-strings-2.0.0.tgz#46e728adee9a4737c3ee811af452948aab31cbd4"
  integrity sha512-dNqeCypsvaHcjW86H0gYgAZGGkKVBeKVeh7WXlOZ9kno7PeQ2wNkpccyzDfuzaIsKv+HZUD3v/eo86GCvnKazQ==
  dependencies:
    "@solana/codecs-core" "2.0.0"
    "@solana/codecs-numbers" "2.0.0"
    "@solana/errors" "2.0.0"

"@solana/codecs-strings@rc":
  version "2.0.0-rc.4"
  resolved "https://registry.yarnpkg.com/@solana/codecs-strings/-/codecs-strings-2.0.0-rc.4.tgz#6a9223c074ab2422a7da3a8fc60cd398c6b8e167"
  integrity sha512-LGfK2RL0BKjYYUfzu2FG/gTgCsYOMz9FKVs2ntji6WneZygPxJTV5W98K3J8Rl0JewpCSCFQH3xjLSHBJUS0fA==
  dependencies:
    "@solana/codecs-core" "2.0.0-rc.4"
    "@solana/codecs-numbers" "2.0.0-rc.4"
    "@solana/errors" "2.0.0-rc.4"

"@solana/codecs@2.0.0":
  version "2.0.0"
  resolved "https://registry.yarnpkg.com/@solana/codecs/-/codecs-2.0.0.tgz#2a3f272932eebad5b8592e6263b068c7d0761e7f"
  integrity sha512-xneIG5ppE6WIGaZCK7JTys0uLhzlnEJUdBO8nRVIyerwH6aqCfb0fGe7q5WNNYAVDRSxC0Pc1TDe1hpdx3KWmQ==
  dependencies:
    "@solana/codecs-core" "2.0.0"
    "@solana/codecs-data-structures" "2.0.0"
    "@solana/codecs-numbers" "2.0.0"
    "@solana/codecs-strings" "2.0.0"
    "@solana/options" "2.0.0"

"@solana/errors@2.0.0":
  version "2.0.0"
  resolved "https://registry.yarnpkg.com/@solana/errors/-/errors-2.0.0.tgz#31c87baaf4b19aaa2a1d8bbc4dfa6efd449d7bbe"
  integrity sha512-IHlaPFSy4lvYco1oHJ3X8DbchWwAwJaL/4wZKnF1ugwZ0g0re8wbABrqNOe/jyZ84VU9Z14PYM8W9oDAebdJbw==
  dependencies:
    chalk "^5.3.0"
    commander "^12.1.0"

"@solana/errors@2.0.0-rc.4":
  version "2.0.0-rc.4"
  resolved "https://registry.yarnpkg.com/@solana/errors/-/errors-2.0.0-rc.4.tgz#4a5aa0d82206b07f31e729262f47def34397ac61"
  integrity sha512-0PPaMyB81keEHG/1pnyEuiBVKctbXO641M2w3CIOrYT/wzjunfF0FTxsqq9wYJeYo0AyiefCKGgSPs6wiY2PpQ==
  dependencies:
    chalk "^5.3.0"
    commander "^12.1.0"

"@solana/options@2.0.0":
  version "2.0.0"
  resolved "https://registry.yarnpkg.com/@solana/options/-/options-2.0.0.tgz#0dbbecd8511c1e600cad8615a836c6e06c3191d5"
  integrity sha512-OVc4KnYosB8oAukQ/htgrxXSxlUP6gUu5Aau6d/BgEkPQzWd/Pr+w91VWw3i3zZuu2SGpedbyh05RoJBe/hSXA==
  dependencies:
    "@solana/codecs-core" "2.0.0"
    "@solana/codecs-data-structures" "2.0.0"
    "@solana/codecs-numbers" "2.0.0"
    "@solana/codecs-strings" "2.0.0"
    "@solana/errors" "2.0.0"

a-sync-waterfall@^1.0.0:
  version "1.0.1"
  resolved "https://registry.yarnpkg.com/a-sync-waterfall/-/a-sync-waterfall-1.0.1.tgz#75b6b6aa72598b497a125e7a2770f14f4c8a1fa7"
  integrity sha512-RYTOHHdWipFUliRFMCS4X2Yn2X8M87V/OpSqWzKKOGhzqyUxzyVmhHDH9sAvG+ZuQf/TAOFsLCpMw09I1ufUnA==

asap@^2.0.3:
  version "2.0.6"
  resolved "https://registry.yarnpkg.com/asap/-/asap-2.0.6.tgz#e50347611d7e690943208bbdafebcbc2fb866d46"
  integrity sha512-BSHWgDSAiKs50o2Re8ppvp3seVHXSRM44cdSsT9FfNEUUZLOGWVCsiWaRPWM1Znn+mqZ1OfVZ3z3DWEzSp7hRA==

call-bind-apply-helpers@^1.0.0, call-bind-apply-helpers@^1.0.1:
  version "1.0.2"
  resolved "https://registry.yarnpkg.com/call-bind-apply-helpers/-/call-bind-apply-helpers-1.0.2.tgz#4b5428c222be985d79c3d82657479dbe0b59b2d6"
  integrity sha512-Sp1ablJ0ivDkSzjcaJdxEunN5/XvksFJ2sMBFfq6x0ryhQV/2b/KwFe21cMpmHtPOSij8K99/wSfoEuTObmuMQ==
  dependencies:
    es-errors "^1.3.0"
    function-bind "^1.1.2"

call-bind@^1.0.8:
  version "1.0.8"
  resolved "https://registry.yarnpkg.com/call-bind/-/call-bind-1.0.8.tgz#0736a9660f537e3388826f440d5ec45f744eaa4c"
  integrity sha512-oKlSFMcMwpUg2ednkhQ454wfWiU/ul3CkJe/PEHcTKuiX6RpbehUiFMXu13HalGZxfUwCQzZG747YXBn1im9ww==
  dependencies:
    call-bind-apply-helpers "^1.0.0"
    es-define-property "^1.0.0"
    get-intrinsic "^1.2.4"
    set-function-length "^1.2.2"

call-bound@^1.0.3:
  version "1.0.3"
  resolved "https://registry.yarnpkg.com/call-bound/-/call-bound-1.0.3.tgz#41cfd032b593e39176a71533ab4f384aa04fd681"
  integrity sha512-YTd+6wGlNlPxSuri7Y6X8tY2dmm12UMH66RpKMhiX6rsk5wXXnYgbUcOt8kiS31/AjfoTOvCsE+w8nZQLQnzHA==
  dependencies:
    call-bind-apply-helpers "^1.0.1"
    get-intrinsic "^1.2.6"

chalk@^5.3.0, chalk@^5.4.1:
  version "5.4.1"
  resolved "https://registry.yarnpkg.com/chalk/-/chalk-5.4.1.tgz#1b48bf0963ec158dce2aacf69c093ae2dd2092d8"
  integrity sha512-zgVZuo2WcZgfUEmsn6eO3kINexW8RAE4maiQ8QNs8CtpPCSyMiYsULR3HQYkm3w8FIA3SberyMJMSldGsW+U3w==

codama@^1.2.5:
  version "1.2.5"
  resolved "https://registry.yarnpkg.com/codama/-/codama-1.2.5.tgz#955fa5eb1b1402647e300b282063e3b168eb09cf"
  integrity sha512-0+DeK4+2yaALX0JIoPj8t0TAGLIpdqZgrzLhlItNSAa5kxEL9Lit7ikORQwg6Ws/xlZtkiWkknN0Su70GXriNw==
  dependencies:
    "@codama/cli" "1.0.4"
    "@codama/errors" "1.2.5"
    "@codama/nodes" "1.2.5"
    "@codama/validators" "1.2.5"
    "@codama/visitors" "1.2.5"

commander@^12.1.0:
  version "12.1.0"
  resolved "https://registry.yarnpkg.com/commander/-/commander-12.1.0.tgz#01423b36f501259fdaac4d0e4d60c96c991585d3"
  integrity sha512-Vw8qHK3bZM9y/P10u3Vib8o/DdkvA2OtPtZvD871QKjy74Wj1WSKFILMPRPSdUSx5RFK1arlJzEtA4PkFgnbuA==

commander@^13.1.0:
  version "13.1.0"
  resolved "https://registry.yarnpkg.com/commander/-/commander-13.1.0.tgz#776167db68c78f38dcce1f9b8d7b8b9a488abf46"
  integrity sha512-/rFeCpNJQbhSZjGVwO9RFV3xPqbnERS8MmIQzCtD/zl6gpJuV/bMLuN92oG3F7d8oDEHHRrujSXNUr8fpjntKw==

commander@^5.1.0:
  version "5.1.0"
  resolved "https://registry.yarnpkg.com/commander/-/commander-5.1.0.tgz#46abbd1652f8e059bddaef99bbdcb2ad9cf179ae"
  integrity sha512-P0CysNDQ7rtVw4QIQtm+MRxV66vKFSvlsQvGYXZWR3qFU0jlMKHZZZgw8e+8DSah4UDKMqnknRDQz+xuQXQ/Zg==

define-data-property@^1.1.4:
  version "1.1.4"
  resolved "https://registry.yarnpkg.com/define-data-property/-/define-data-property-1.1.4.tgz#894dc141bb7d3060ae4366f6a0107e68fbe48c5e"
  integrity sha512-rBMvIzlpA8v6E+SJZoo++HAYqsLrkg7MSfIinMPFhmkorw7X+dOXVJQs+QT69zGkzMyfDnIMN2Wid1+NbL3T+A==
  dependencies:
    es-define-property "^1.0.0"
    es-errors "^1.3.0"
    gopd "^1.0.1"

dunder-proto@^1.0.1:
  version "1.0.1"
  resolved "https://registry.yarnpkg.com/dunder-proto/-/dunder-proto-1.0.1.tgz#d7ae667e1dc83482f8b70fd0f6eefc50da30f58a"
  integrity sha512-KIN/nDJBQRcXw0MLVhZE9iQHmG68qAVIBg9CqmUYjmQIhgij9U5MFvrqkUL5FbtyyzZuOeOt0zdeRe4UY7ct+A==
  dependencies:
    call-bind-apply-helpers "^1.0.1"
    es-errors "^1.3.0"
    gopd "^1.2.0"

es-define-property@^1.0.0, es-define-property@^1.0.1:
  version "1.0.1"
  resolved "https://registry.yarnpkg.com/es-define-property/-/es-define-property-1.0.1.tgz#983eb2f9a6724e9303f61addf011c72e09e0b0fa"
  integrity sha512-e3nRfgfUZ4rNGL232gUgX06QNyyez04KdjFrF+LTRoOXmrOgFKDg4BCdsjW8EnT69eqdYGmRpJwiPVYNrCaW3g==

es-errors@^1.3.0:
  version "1.3.0"
  resolved "https://registry.yarnpkg.com/es-errors/-/es-errors-1.3.0.tgz#05f75a25dab98e4fb1dcd5e1472c0546d5057c8f"
  integrity sha512-Zf5H2Kxt2xjTvbJvP2ZWLEICxA6j+hAmMzIlypy4xcBg1vKVnx89Wy0GbS+kf5cwCVFFzdCFh2XSCFNULS6csw==

es-object-atoms@^1.0.0:
  version "1.1.1"
  resolved "https://registry.yarnpkg.com/es-object-atoms/-/es-object-atoms-1.1.1.tgz#1c4f2c4837327597ce69d2ca190a7fdd172338c1"
  integrity sha512-FGgH2h8zKNim9ljj7dankFPcICIK9Cp5bm+c2gQSYePhpaG5+esrLODihIorn+Pe6FGJzWhXQotPv73jTaldXA==
  dependencies:
    es-errors "^1.3.0"

function-bind@^1.1.2:
  version "1.1.2"
  resolved "https://registry.yarnpkg.com/function-bind/-/function-bind-1.1.2.tgz#2c02d864d97f3ea6c8830c464cbd11ab6eab7a1c"
  integrity sha512-7XHNxH7qX9xG5mIwxkhumTox/MIRNcOgDrxWsMt2pAr23WHp6MrRlN7FBSFpCpr+oVO0F744iUgR82nJMfG2SA==

get-intrinsic@^1.2.4, get-intrinsic@^1.2.6:
  version "1.2.7"
  resolved "https://registry.yarnpkg.com/get-intrinsic/-/get-intrinsic-1.2.7.tgz#dcfcb33d3272e15f445d15124bc0a216189b9044"
  integrity sha512-VW6Pxhsrk0KAOqs3WEd0klDiF/+V7gQOpAvY1jVU/LHmaD/kQO4523aiJuikX/QAKYiW6x8Jh+RJej1almdtCA==
  dependencies:
    call-bind-apply-helpers "^1.0.1"
    es-define-property "^1.0.1"
    es-errors "^1.3.0"
    es-object-atoms "^1.0.0"
    function-bind "^1.1.2"
    get-proto "^1.0.0"
    gopd "^1.2.0"
    has-symbols "^1.1.0"
    hasown "^2.0.2"
    math-intrinsics "^1.1.0"

get-proto@^1.0.0:
  version "1.0.1"
  resolved "https://registry.yarnpkg.com/get-proto/-/get-proto-1.0.1.tgz#150b3f2743869ef3e851ec0c49d15b1d14d00ee1"
  integrity sha512-sTSfBjoXBp89JvIKIefqw7U2CCebsc74kiY6awiGogKtoSGbgjYE/G/+l9sF3MWFPNc9IcoOC4ODfKHfxFmp0g==
  dependencies:
    dunder-proto "^1.0.1"
    es-object-atoms "^1.0.0"

gopd@^1.0.1, gopd@^1.2.0:
  version "1.2.0"
  resolved "https://registry.yarnpkg.com/gopd/-/gopd-1.2.0.tgz#89f56b8217bdbc8802bd299df6d7f1081d7e51a1"
  integrity sha512-ZUKRh6/kUFoAiTAtTYPZJ3hw9wNxx+BIBOijnlG9PnrJsCcSjs1wyyD6vJpaYtgnzDrKYRSqf3OO6Rfa93xsRg==

has-property-descriptors@^1.0.2:
  version "1.0.2"
  resolved "https://registry.yarnpkg.com/has-property-descriptors/-/has-property-descriptors-1.0.2.tgz#963ed7d071dc7bf5f084c5bfbe0d1b6222586854"
  integrity sha512-55JNKuIW+vq4Ke1BjOTjM2YctQIvCT7GFzHwmfZPGo5wnrgkid0YQtnAleFSqumZm4az3n2BS+erby5ipJdgrg==
  dependencies:
    es-define-property "^1.0.0"

has-symbols@^1.1.0:
  version "1.1.0"
  resolved "https://registry.yarnpkg.com/has-symbols/-/has-symbols-1.1.0.tgz#fc9c6a783a084951d0b971fe1018de813707a338"
  integrity sha512-1cDNdwJ2Jaohmb3sg4OmKaMBwuC48sYni5HUw2DvsC8LjGTLK9h+eb1X6RyuOHe4hT0ULCW68iomhjUoKUqlPQ==

hasown@^2.0.2:
  version "2.0.2"
  resolved "https://registry.yarnpkg.com/hasown/-/hasown-2.0.2.tgz#003eaf91be7adc372e84ec59dc37252cedb80003"
  integrity sha512-0hJU9SCPvmMzIBdZFqNPXWa6dqh7WdH0cII9y+CyS8rG3nL48Bclra9HmKhVVUHyPWNH5Y7xDwAB7bfgSjkUMQ==
  dependencies:
    function-bind "^1.1.2"

isarray@^2.0.5:
  version "2.0.5"
  resolved "https://registry.yarnpkg.com/isarray/-/isarray-2.0.5.tgz#8af1e4c1221244cc62459faf38940d4e644a5723"
  integrity sha512-xHjhDr3cNBK0BzdUJSPXZntQUx/mwMS5Rw4A7lPJ90XGAO6ISP/ePDNuo0vhqOZU+UD5JoodwCAAoZQd3FeAKw==

json-stable-stringify@^1.2.1:
  version "1.2.1"
  resolved "https://registry.yarnpkg.com/json-stable-stringify/-/json-stable-stringify-1.2.1.tgz#addb683c2b78014d0b78d704c2fcbdf0695a60e2"
  integrity sha512-Lp6HbbBgosLmJbjx0pBLbgvx68FaFU1sdkmBuckmhhJ88kL13OA51CDtR2yJB50eCNMH9wRqtQNNiAqQH4YXnA==
  dependencies:
    call-bind "^1.0.8"
    call-bound "^1.0.3"
    isarray "^2.0.5"
    jsonify "^0.0.1"
    object-keys "^1.1.1"

jsonify@^0.0.1:
  version "0.0.1"
  resolved "https://registry.yarnpkg.com/jsonify/-/jsonify-0.0.1.tgz#2aa3111dae3d34a0f151c63f3a45d995d9420978"
  integrity sha512-2/Ki0GcmuqSrgFyelQq9M05y7PS0mEwuIzrf3f1fPqkVDVRvZrPZtVSMHxdgo8Aq0sxAOb/cr2aqqA3LeWHVPg==

kleur@^3.0.3:
  version "3.0.3"
  resolved "https://registry.yarnpkg.com/kleur/-/kleur-3.0.3.tgz#a79c9ecc86ee1ce3fa6206d1216c501f147fc07e"
  integrity sha512-eTIzlVOSUR+JxdDFepEYcBMtZ9Qqdef+rnzWdRZuMbOywu5tO2w2N7rqjoANZ5k9vywhL6Br1VRjUIgTQx4E8w==

math-intrinsics@^1.1.0:
  version "1.1.0"
  resolved "https://registry.yarnpkg.com/math-intrinsics/-/math-intrinsics-1.1.0.tgz#a0dd74be81e2aa5c2f27e65ce283605ee4e2b7f9"
  integrity sha512-/IXtbwEk5HTPyEwyKX6hGkYXxM9nbj64B+ilVJnC/R6B0pH5G4V3b0pVbL7DBj4tkhBAppbQUlf6F6Xl9LHu1g==

nunjucks@^3.2.4:
  version "3.2.4"
  resolved "https://registry.yarnpkg.com/nunjucks/-/nunjucks-3.2.4.tgz#f0878eef528ce7b0aa35d67cc6898635fd74649e"
  integrity sha512-26XRV6BhkgK0VOxfbU5cQI+ICFUtMLixv1noZn1tGU38kQH5A5nmmbk/O45xdyBhD1esk47nKrY0mvQpZIhRjQ==
  dependencies:
    a-sync-waterfall "^1.0.0"
    asap "^2.0.3"
    commander "^5.1.0"

object-keys@^1.1.1:
  version "1.1.1"
  resolved "https://registry.yarnpkg.com/object-keys/-/object-keys-1.1.1.tgz#1c47f272df277f3b1daf061677d9c82e2322c60e"
  integrity sha512-NuAESUOUMrlIXOfHKzD6bpPu3tYt3xvjNdRIQ+FeT0lNb4K8WR70CaDxhuNguS2XG+GjkyMwOzsN5ZktImfhLA==

prettier@^3.5.0:
  version "3.5.1"
  resolved "https://registry.yarnpkg.com/prettier/-/prettier-3.5.1.tgz#22fac9d0b18c0b92055ac8fb619ac1c7bef02fb7"
  integrity sha512-hPpFQvHwL3Qv5AdRvBFMhnKo4tYxp0ReXiPn2bxkiohEX6mBeBwEpBSQTkD458RaaDKQMYSp4hX4UtfUTA5wDw==

prompts@^2.4.2:
  version "2.4.2"
  resolved "https://registry.yarnpkg.com/prompts/-/prompts-2.4.2.tgz#7b57e73b3a48029ad10ebd44f74b01722a4cb069"
  integrity sha512-NxNv/kLguCA7p3jE8oL2aEBsrJWgAakBpgmgK6lpPWV+WuOmY6r2/zbAVnP+T8bQlA0nzHXSJSJW0Hq7ylaD2Q==
  dependencies:
    kleur "^3.0.3"
    sisteransi "^1.0.5"

set-function-length@^1.2.2:
  version "1.2.2"
  resolved "https://registry.yarnpkg.com/set-function-length/-/set-function-length-1.2.2.tgz#aac72314198eaed975cf77b2c3b6b880695e5449"
  integrity sha512-pgRc4hJ4/sNjWCSS9AmnS40x3bNMDTknHgL5UaMBTMyJnU90EgWh1Rz+MC9eFu4BuN/UwZjKQuY/1v3rM7HMfg==
  dependencies:
    define-data-property "^1.1.4"
    es-errors "^1.3.0"
    function-bind "^1.1.2"
    get-intrinsic "^1.2.4"
    gopd "^1.0.1"
    has-property-descriptors "^1.0.2"

sisteransi@^1.0.5:
  version "1.0.5"
  resolved "https://registry.yarnpkg.com/sisteransi/-/sisteransi-1.0.5.tgz#134d681297756437cc05ca01370d3a7a571075ed"
  integrity sha512-bLGGlR1QxBcynn2d5YmDX4MGjlZvy2MRBDRNHLJ8VI6l6+9FUiyTFNJ0IveOSP0bcXgVDPRcfGqA0pjaqUpfVg==
